<?xml version="1.0" encoding="utf-8"?>
<Project ToolsVersion="4.0" xmlns="http://schemas.microsoft.com/developer/msbuild/2003">
  <ItemGroup>
    <Filter Include="Source Files">
      <UniqueIdentifier>{4FC737F1-C7A5-4376-A066-2A32D752A2FF}</UniqueIdentifier>
      <Extensions>cpp;c;cc;cxx;def;odl;idl;hpj;bat;asm;asmx</Extensions>
    </Filter>
    <Filter Include="Header Files">
      <UniqueIdentifier>{93995380-89BD-4b04-88EB-625FBE52EBFB}</UniqueIdentifier>
      <Extensions>h;hh;hpp;hxx;hm;inl;inc;ipp;xsd</Extensions>
    </Filter>
    <Filter Include="Resource Files">
      <UniqueIdentifier>{67DA6AB6-F800-4c08-8B7A-83BB121AAD01}</UniqueIdentifier>
      <Extensions>rc;ico;cur;bmp;dlg;rc2;rct;bin;rgs;gif;jpg;jpeg;jpe;resx;tiff;tif;png;wav;mfcribbon-ms</Extensions>
    </Filter>
    <Filter Include="Source Files\geom">
      <UniqueIdentifier>{8a3f2842-6fd0-4773-be5e-15a4936c5ea2}</UniqueIdentifier>
    </Filter>
    <Filter Include="Header Files\geom">
      <UniqueIdentifier>{7028ca8a-b54a-4651-a870-4c2943c3a298}</UniqueIdentifier>
    </Filter>
    <Filter Include="Header Files\proto">
      <UniqueIdentifier>{210872df-3c1e-48e2-81b5-085caddb38ee}</UniqueIdentifier>
    </Filter>
    <Filter Include="Source Files\proto">
      <UniqueIdentifier>{8df82b25-0b63-419d-bc14-0da4e04b7e82}</UniqueIdentifier>
    </Filter>
    <Filter Include="Source Files\plays">
      <UniqueIdentifier>{762f0782-81b8-4217-9de0-7eaca5100b3a}</UniqueIdentifier>
    </Filter>
  </ItemGroup>
  <ItemGroup>
    <ClInclude Include="stdafx.h">
      <Filter>Header Files</Filter>
    </ClInclude>
    <ClInclude Include="targetver.h">
      <Filter>Header Files</Filter>
    </ClInclude>
    <ClInclude Include="parsian.h">
      <Filter>Header Files</Filter>
    </ClInclude>
    <ClInclude Include="proto\messages_parsian_simurosot_data_wrapper.pb.h">
      <Filter>Header Files\proto</Filter>
    </ClInclude>
    <ClInclude Include="proto\messages_parsian_simurosot_debugs.pb.h">
      <Filter>Header Files\proto</Filter>
    </ClInclude>
    <ClInclude Include="proto\messages_parsian_simurosot_detection.pb.h">
      <Filter>Header Files\proto</Filter>
    </ClInclude>
    <ClInclude Include="proto\messages_parsian_simurosot_worldmodel.pb.h">
      <Filter>Header Files\proto</Filter>
    </ClInclude>
    <ClInclude Include="net\src\msock.h">
      <Filter>Header Files</Filter>
    </ClInclude>
    <ClInclude Include="soccer.h">
      <Filter>Header Files</Filter>
    </ClInclude>
    <ClInclude Include="geom\angle_deg.h">
      <Filter>Header Files\geom</Filter>
    </ClInclude>
    <ClInclude Include="geom\circle_2d.h">
      <Filter>Header Files\geom</Filter>
    </ClInclude>
    <ClInclude Include="geom\convex_hull.h">
      <Filter>Header Files\geom</Filter>
    </ClInclude>
    <ClInclude Include="geom\line_2d.h">
      <Filter>Header Files\geom</Filter>
    </ClInclude>
    <ClInclude Include="geom\matrix_2d.h">
      <Filter>Header Files\geom</Filter>
    </ClInclude>
    <ClInclude Include="geom\polygon_2d.h">
      <Filter>Header Files\geom</Filter>
    </ClInclude>
    <ClInclude Include="geom\ray_2d.h">
      <Filter>Header Files\geom</Filter>
    </ClInclude>
    <ClInclude Include="geom\rect_2d.h">
      <Filter>Header Files\geom</Filter>
    </ClInclude>
    <ClInclude Include="geom\region_2d.h">
      <Filter>Header Files\geom</Filter>
    </ClInclude>
    <ClInclude Include="geom\sector_2d.h">
      <Filter>Header Files\geom</Filter>
    </ClInclude>
    <ClInclude Include="geom\segment_2d.h">
      <Filter>Header Files\geom</Filter>
    </ClInclude>
    <ClInclude Include="geom\size_2d.h">
      <Filter>Header Files\geom</Filter>
    </ClInclude>
    <ClInclude Include="geom\triangle_2d.h">
      <Filter>Header Files\geom</Filter>
    </ClInclude>
    <ClInclude Include="geom\vector_2d.h">
      <Filter>Header Files\geom</Filter>
    </ClInclude>
    <ClInclude Include="client.h">
      <Filter>Header Files</Filter>
    </ClInclude>
    <ClInclude Include="base.h">
      <Filter>Header Files</Filter>
    </ClInclude>
    <ClInclude Include="field.h">
      <Filter>Header Files</Filter>
    </ClInclude>
    <ClInclude Include="knowledge.h">
      <Filter>Header Files</Filter>
    </ClInclude>
    <ClInclude Include="worldmodel.h">
      <Filter>Header Files</Filter>
    </ClInclude>
    <ClInclude Include="geom.h">
      <Filter>Header Files</Filter>
    </ClInclude>
  </ItemGroup>
  <ItemGroup>
    <ClCompile Include="stdafx.cpp">
      <Filter>Source Files</Filter>
    </ClCompile>
    <ClCompile Include="dllmain.cpp">
      <Filter>Source Files</Filter>
    </ClCompile>
    <ClCompile Include="parsian.cpp">
      <Filter>Source Files</Filter>
    </ClCompile>
    <ClCompile Include="proto\messages_parsian_simurosot_data_wrapper.pb.cc">
      <Filter>Source Files\proto</Filter>
    </ClCompile>
    <ClCompile Include="proto\messages_parsian_simurosot_debugs.pb.cc">
      <Filter>Source Files\proto</Filter>
    </ClCompile>
    <ClCompile Include="proto\messages_parsian_simurosot_detection.pb.cc">
      <Filter>Source Files\proto</Filter>
    </ClCompile>
    <ClCompile Include="proto\messages_parsian_simurosot_worldmodel.pb.cc">
      <Filter>Source Files\proto</Filter>
    </ClCompile>
    <ClCompile Include="net\src\msock.cpp">
      <Filter>Source Files</Filter>
    </ClCompile>
    <ClCompile Include="soccer.cpp">
      <Filter>Source Files</Filter>
    </ClCompile>
    <ClCompile Include="geom\angle_deg.cpp">
      <Filter>Source Files\geom</Filter>
    </ClCompile>
    <ClCompile Include="geom\circle_2d.cpp">
      <Filter>Source Files\geom</Filter>
    </ClCompile>
    <ClCompile Include="geom\convex_hull.cpp">
      <Filter>Source Files\geom</Filter>
    </ClCompile>
    <ClCompile Include="geom\line_2d.cpp">
      <Filter>Source Files\geom</Filter>
    </ClCompile>
    <ClCompile Include="geom\matrix_2d.cpp">
      <Filter>Source Files\geom</Filter>
    </ClCompile>
    <ClCompile Include="geom\polygon_2d.cpp">
      <Filter>Source Files\geom</Filter>
    </ClCompile>
    <ClCompile Include="geom\ray_2d.cpp">
      <Filter>Source Files\geom</Filter>
    </ClCompile>
    <ClCompile Include="geom\rect_2d.cpp">
      <Filter>Source Files\geom</Filter>
    </ClCompile>
    <ClCompile Include="geom\sector_2d.cpp">
      <Filter>Source Files\geom</Filter>
    </ClCompile>
    <ClCompile Include="geom\segment_2d.cpp">
      <Filter>Source Files\geom</Filter>
    </ClCompile>
    <ClCompile Include="geom\triangle_2d.cpp">
      <Filter>Source Files\geom</Filter>
    </ClCompile>
    <ClCompile Include="geom\vector_2d.cpp">
      <Filter>Source Files\geom</Filter>
    </ClCompile>
    <ClCompile Include="knowledge.cpp">
      <Filter>Source Files</Filter>
    </ClCompile>
    <ClCompile Include="worldmodel.cpp">
      <Filter>Source Files</Filter>
    </ClCompile>
    <ClCompile Include="plays\freeball_lb.cpp">
      <Filter>Source Files\plays</Filter>
    </ClCompile>
    <ClCompile Include="plays\freeball_lt.cpp">
      <Filter>Source Files\plays</Filter>
    </ClCompile>
    <ClCompile Include="plays\freeball_rb.cpp">
      <Filter>Source Files\plays</Filter>
    </ClCompile>
    <ClCompile Include="plays\freeball_rt.cpp">
      <Filter>Source Files\plays</Filter>
    </ClCompile>
    <ClCompile Include="plays\oppfk.cpp">
      <Filter>Source Files\plays</Filter>
    </ClCompile>
    <ClCompile Include="plays\oppgk.cpp">
      <Filter>Source Files\plays</Filter>
    </ClCompile>
    <ClCompile Include="plays\oppko.cpp">
      <Filter>Source Files\plays</Filter>
    </ClCompile>
    <ClCompile Include="plays\opppk.cpp">
      <Filter>Source Files\plays</Filter>
    </ClCompile>
    <ClCompile Include="plays\ourfk.cpp">
      <Filter>Source Files\plays</Filter>
    </ClCompile>
    <ClCompile Include="plays\ourgk.cpp">
      <Filter>Source Files\plays</Filter>
    </ClCompile>
    <ClCompile Include="plays\ourko.cpp">
      <Filter>Source Files\plays</Filter>
    </ClCompile>
    <ClCompile Include="plays\ourpk.cpp">
      <Filter>Source Files\plays</Filter>
    </ClCompile>
    <ClCompile Include="plays\playon.cpp">
      <Filter>Source Files\plays</Filter>
    </ClCompile>
    <ClCompile Include="field.cpp">
      <Filter>Source Files</Filter>
    </ClCompile>
  </ItemGroup>
</Project>